// !$*UTF8*$!
{
	archiveVersion = 1;
	classes = {
	};
	objectVersion = 46;
	objects = {

/* Begin PBXBuildFile section */
		OBJ_35 /* Converters.swift in Sources */ = {isa = PBXBuildFile; fileRef = OBJ_9 /* Converters.swift */; };
		OBJ_36 /* Error.swift in Sources */ = {isa = PBXBuildFile; fileRef = OBJ_10 /* Error.swift */; };
		OBJ_37 /* Extensions.swift in Sources */ = {isa = PBXBuildFile; fileRef = OBJ_11 /* Extensions.swift */; };
		OBJ_38 /* Parser+Operators.swift in Sources */ = {isa = PBXBuildFile; fileRef = OBJ_12 /* Parser+Operators.swift */; };
		OBJ_39 /* Parser.swift in Sources */ = {isa = PBXBuildFile; fileRef = OBJ_13 /* Parser.swift */; };
		OBJ_40 /* Parsers.swift in Sources */ = {isa = PBXBuildFile; fileRef = OBJ_14 /* Parsers.swift */; };
		OBJ_41 /* StringParser.swift in Sources */ = {isa = PBXBuildFile; fileRef = OBJ_15 /* StringParser.swift */; };
		OBJ_48 /* Extensions.swift in Sources */ = {isa = PBXBuildFile; fileRef = OBJ_18 /* Extensions.swift */; };
		OBJ_49 /* Parser+Operators_Tests.swift in Sources */ = {isa = PBXBuildFile; fileRef = OBJ_19 /* Parser+Operators_Tests.swift */; };
		OBJ_50 /* Parser_Tests.swift in Sources */ = {isa = PBXBuildFile; fileRef = OBJ_20 /* Parser_Tests.swift */; };
		OBJ_51 /* PerformanceTests.swift in Sources */ = {isa = PBXBuildFile; fileRef = OBJ_21 /* PerformanceTests.swift */; };
		OBJ_52 /* StringParser_Tests.swift in Sources */ = {isa = PBXBuildFile; fileRef = OBJ_22 /* StringParser_Tests.swift */; };
		OBJ_53 /* TestHelpers.swift in Sources */ = {isa = PBXBuildFile; fileRef = OBJ_23 /* TestHelpers.swift */; };
		OBJ_54 /* CSV.swift in Sources */ = {isa = PBXBuildFile; fileRef = OBJ_25 /* CSV.swift */; };
		OBJ_55 /* Examples.swift in Sources */ = {isa = PBXBuildFile; fileRef = OBJ_26 /* Examples.swift */; };
		OBJ_57 /* FootlessParser.framework in Frameworks */ = {isa = PBXBuildFile; fileRef = OBJ_28 /* FootlessParser.framework */; };
/* End PBXBuildFile section */

/* Begin PBXContainerItemProxy section */
		BA746BB51E41367500B9A0F4 /* PBXContainerItemProxy */ = {
			isa = PBXContainerItemProxy;
			containerPortal = OBJ_1 /* Project object */;
			proxyType = 1;
			remoteGlobalIDString = OBJ_30;
			remoteInfo = FootlessParser;
		};
/* End PBXContainerItemProxy section */

/* Begin PBXFileReference section */
		OBJ_10 /* Error.swift */ = {isa = PBXFileReference; lastKnownFileType = sourcecode.swift; path = Error.swift; sourceTree = "<group>"; };
		OBJ_11 /* Extensions.swift */ = {isa = PBXFileReference; lastKnownFileType = sourcecode.swift; path = Extensions.swift; sourceTree = "<group>"; };
		OBJ_12 /* Parser+Operators.swift */ = {isa = PBXFileReference; lastKnownFileType = sourcecode.swift; path = "Parser+Operators.swift"; sourceTree = "<group>"; };
		OBJ_13 /* Parser.swift */ = {isa = PBXFileReference; lastKnownFileType = sourcecode.swift; path = Parser.swift; sourceTree = "<group>"; };
		OBJ_14 /* Parsers.swift */ = {isa = PBXFileReference; lastKnownFileType = sourcecode.swift; path = Parsers.swift; sourceTree = "<group>"; };
		OBJ_15 /* StringParser.swift */ = {isa = PBXFileReference; lastKnownFileType = sourcecode.swift; path = StringParser.swift; sourceTree = "<group>"; };
		OBJ_18 /* Extensions.swift */ = {isa = PBXFileReference; lastKnownFileType = sourcecode.swift; path = Extensions.swift; sourceTree = "<group>"; };
		OBJ_19 /* Parser+Operators_Tests.swift */ = {isa = PBXFileReference; lastKnownFileType = sourcecode.swift; path = "Parser+Operators_Tests.swift"; sourceTree = "<group>"; };
		OBJ_20 /* Parser_Tests.swift */ = {isa = PBXFileReference; lastKnownFileType = sourcecode.swift; path = Parser_Tests.swift; sourceTree = "<group>"; };
		OBJ_21 /* PerformanceTests.swift */ = {isa = PBXFileReference; lastKnownFileType = sourcecode.swift; path = PerformanceTests.swift; sourceTree = "<group>"; };
		OBJ_22 /* StringParser_Tests.swift */ = {isa = PBXFileReference; lastKnownFileType = sourcecode.swift; path = StringParser_Tests.swift; sourceTree = "<group>"; };
		OBJ_23 /* TestHelpers.swift */ = {isa = PBXFileReference; lastKnownFileType = sourcecode.swift; path = TestHelpers.swift; sourceTree = "<group>"; };
		OBJ_25 /* CSV.swift */ = {isa = PBXFileReference; lastKnownFileType = sourcecode.swift; path = CSV.swift; sourceTree = "<group>"; };
		OBJ_26 /* Examples.swift */ = {isa = PBXFileReference; lastKnownFileType = sourcecode.swift; path = Examples.swift; sourceTree = "<group>"; };
		OBJ_28 /* FootlessParser.framework */ = {isa = PBXFileReference; explicitFileType = wrapper.framework; path = FootlessParser.framework; sourceTree = BUILT_PRODUCTS_DIR; };
		OBJ_29 /* FootlessParserTests.xctest */ = {isa = PBXFileReference; explicitFileType = wrapper.cfbundle; path = FootlessParserTests.xctest; sourceTree = BUILT_PRODUCTS_DIR; };
		OBJ_6 /* Package.swift */ = {isa = PBXFileReference; explicitFileType = sourcecode.swift; path = Package.swift; sourceTree = "<group>"; };
		OBJ_9 /* Converters.swift */ = {isa = PBXFileReference; lastKnownFileType = sourcecode.swift; path = Converters.swift; sourceTree = "<group>"; };
/* End PBXFileReference section */

/* Begin PBXFrameworksBuildPhase section */
		OBJ_42 /* Frameworks */ = {
			isa = PBXFrameworksBuildPhase;
			buildActionMask = 0;
			files = (
			);
			runOnlyForDeploymentPostprocessing = 0;
		};
		OBJ_56 /* Frameworks */ = {
			isa = PBXFrameworksBuildPhase;
			buildActionMask = 0;
			files = (
				OBJ_57 /* FootlessParser.framework in Frameworks */,
			);
			runOnlyForDeploymentPostprocessing = 0;
		};
/* End PBXFrameworksBuildPhase section */

/* Begin PBXGroup section */
		OBJ_16 /* Tests */ = {
			isa = PBXGroup;
			children = (
				OBJ_17 /* FootlessParserTests */,
			);
			path = Tests;
			sourceTree = "<group>";
		};
		OBJ_17 /* FootlessParserTests */ = {
			isa = PBXGroup;
			children = (
				OBJ_18 /* Extensions.swift */,
				OBJ_19 /* Parser+Operators_Tests.swift */,
				OBJ_20 /* Parser_Tests.swift */,
				OBJ_21 /* PerformanceTests.swift */,
				OBJ_22 /* StringParser_Tests.swift */,
				OBJ_23 /* TestHelpers.swift */,
				OBJ_24 /* Grammar */,
			);
			name = FootlessParserTests;
			path = Tests/FootlessParserTests;
			sourceTree = SOURCE_ROOT;
		};
		OBJ_24 /* Grammar */ = {
			isa = PBXGroup;
			children = (
				OBJ_25 /* CSV.swift */,
				OBJ_26 /* Examples.swift */,
			);
			path = Grammar;
			sourceTree = "<group>";
		};
		OBJ_27 /* Products */ = {
			isa = PBXGroup;
			children = (
				OBJ_28 /* FootlessParser.framework */,
				OBJ_29 /* FootlessParserTests.xctest */,
			);
			name = Products;
			sourceTree = BUILT_PRODUCTS_DIR;
		};
		OBJ_5 /*  */ = {
			isa = PBXGroup;
			children = (
				OBJ_6 /* Package.swift */,
				OBJ_7 /* Sources */,
				OBJ_16 /* Tests */,
				OBJ_27 /* Products */,
			);
			name = "";
			sourceTree = "<group>";
		};
		OBJ_7 /* Sources */ = {
			isa = PBXGroup;
			children = (
				OBJ_8 /* FootlessParser */,
			);
			path = Sources;
			sourceTree = "<group>";
		};
		OBJ_8 /* FootlessParser */ = {
			isa = PBXGroup;
			children = (
				OBJ_9 /* Converters.swift */,
				OBJ_10 /* Error.swift */,
				OBJ_11 /* Extensions.swift */,
				OBJ_12 /* Parser+Operators.swift */,
				OBJ_13 /* Parser.swift */,
				OBJ_14 /* Parsers.swift */,
				OBJ_15 /* StringParser.swift */,
			);
			name = FootlessParser;
			path = Sources;
			sourceTree = SOURCE_ROOT;
		};
/* End PBXGroup section */

/* Begin PBXNativeTarget section */
		OBJ_30 /* FootlessParser */ = {
			isa = PBXNativeTarget;
			buildConfigurationList = OBJ_31 /* Build configuration list for PBXNativeTarget "FootlessParser" */;
			buildPhases = (
				OBJ_34 /* Sources */,
				OBJ_42 /* Frameworks */,
			);
			buildRules = (
			);
			dependencies = (
			);
			name = FootlessParser;
			productName = FootlessParser;
			productReference = OBJ_28 /* FootlessParser.framework */;
			productType = "com.apple.product-type.framework";
		};
		OBJ_43 /* FootlessParserTests */ = {
			isa = PBXNativeTarget;
			buildConfigurationList = OBJ_44 /* Build configuration list for PBXNativeTarget "FootlessParserTests" */;
			buildPhases = (
				OBJ_47 /* Sources */,
				OBJ_56 /* Frameworks */,
			);
			buildRules = (
			);
			dependencies = (
				OBJ_58 /* PBXTargetDependency */,
			);
			name = FootlessParserTests;
			productName = FootlessParserTests;
			productReference = OBJ_29 /* FootlessParserTests.xctest */;
			productType = "com.apple.product-type.bundle.unit-test";
		};
/* End PBXNativeTarget section */

/* Begin PBXProject section */
		OBJ_1 /* Project object */ = {
			isa = PBXProject;
			attributes = {
				LastUpgradeCheck = 9999;
			};
			buildConfigurationList = OBJ_2 /* Build configuration list for PBXProject "FootlessParser" */;
			compatibilityVersion = "Xcode 3.2";
			developmentRegion = English;
			hasScannedForEncodings = 0;
			knownRegions = (
				en,
			);
			mainGroup = OBJ_5 /*  */;
			productRefGroup = OBJ_27 /* Products */;
			projectDirPath = "";
			projectRoot = "";
			targets = (
				OBJ_30 /* FootlessParser */,
				OBJ_43 /* FootlessParserTests */,
			);
		};
/* End PBXProject section */

/* Begin PBXSourcesBuildPhase section */
		OBJ_34 /* Sources */ = {
			isa = PBXSourcesBuildPhase;
			buildActionMask = 0;
			files = (
				OBJ_35 /* Converters.swift in Sources */,
				OBJ_36 /* Error.swift in Sources */,
				OBJ_37 /* Extensions.swift in Sources */,
				OBJ_38 /* Parser+Operators.swift in Sources */,
				OBJ_39 /* Parser.swift in Sources */,
				OBJ_40 /* Parsers.swift in Sources */,
				OBJ_41 /* StringParser.swift in Sources */,
			);
			runOnlyForDeploymentPostprocessing = 0;
		};
		OBJ_47 /* Sources */ = {
			isa = PBXSourcesBuildPhase;
			buildActionMask = 0;
			files = (
				OBJ_48 /* Extensions.swift in Sources */,
				OBJ_49 /* Parser+Operators_Tests.swift in Sources */,
				OBJ_50 /* Parser_Tests.swift in Sources */,
				OBJ_51 /* PerformanceTests.swift in Sources */,
				OBJ_52 /* StringParser_Tests.swift in Sources */,
				OBJ_53 /* TestHelpers.swift in Sources */,
				OBJ_54 /* CSV.swift in Sources */,
				OBJ_55 /* Examples.swift in Sources */,
			);
			runOnlyForDeploymentPostprocessing = 0;
		};
/* End PBXSourcesBuildPhase section */

/* Begin PBXTargetDependency section */
		OBJ_58 /* PBXTargetDependency */ = {
			isa = PBXTargetDependency;
			target = OBJ_30 /* FootlessParser */;
			targetProxy = BA746BB51E41367500B9A0F4 /* PBXContainerItemProxy */;
		};
/* End PBXTargetDependency section */

/* Begin XCBuildConfiguration section */
		OBJ_3 /* Debug */ = {
			isa = XCBuildConfiguration;
			buildSettings = {
				COMBINE_HIDPI_IMAGES = YES;
				COPY_PHASE_STRIP = NO;
				DEBUG_INFORMATION_FORMAT = dwarf;
				DYLIB_INSTALL_NAME_BASE = "@rpath";
				ENABLE_NS_ASSERTIONS = YES;
				GCC_OPTIMIZATION_LEVEL = 0;
				MACOSX_DEPLOYMENT_TARGET = 10.10;
				ONLY_ACTIVE_ARCH = YES;
				OTHER_SWIFT_FLAGS = "-DXcode";
				PRODUCT_NAME = "$(TARGET_NAME)";
				SDKROOT = macosx;
				SUPPORTED_PLATFORMS = "macosx iphoneos iphonesimulator appletvos appletvsimulator watchos watchsimulator";
				SWIFT_ACTIVE_COMPILATION_CONDITIONS = SWIFT_PACKAGE;
				SWIFT_OPTIMIZATION_LEVEL = "-Onone";
				SWIFT_VERSION = 3.0;
				USE_HEADERMAP = NO;
			};
			name = Debug;
		};
		OBJ_32 /* Debug */ = {
			isa = XCBuildConfiguration;
			buildSettings = {
				ENABLE_TESTABILITY = YES;
				FRAMEWORK_SEARCH_PATHS = (
					"$(inherited)",
					"$(PLATFORM_DIR)/Developer/Library/Frameworks",
				);
				HEADER_SEARCH_PATHS = "$(inherited)";
				INFOPLIST_FILE = FootlessParser.xcodeproj/FootlessParser_Info.plist;
				LD_RUNPATH_SEARCH_PATHS = "$(TOOLCHAIN_DIR)/usr/lib/swift/macosx";
				OTHER_LDFLAGS = "$(inherited)";
				OTHER_SWIFT_FLAGS = "$(inherited)";
				PRODUCT_BUNDLE_IDENTIFIER = FootlessParser;
				PRODUCT_MODULE_NAME = "$(TARGET_NAME:c99extidentifier)";
				PRODUCT_NAME = "$(TARGET_NAME:c99extidentifier)";
				TARGET_NAME = FootlessParser;
			};
			name = Debug;
		};
		OBJ_33 /* Release */ = {
			isa = XCBuildConfiguration;
			buildSettings = {
				ENABLE_TESTABILITY = YES;
				FRAMEWORK_SEARCH_PATHS = (
					"$(inherited)",
					"$(PLATFORM_DIR)/Developer/Library/Frameworks",
				);
				HEADER_SEARCH_PATHS = "$(inherited)";
				INFOPLIST_FILE = FootlessParser.xcodeproj/FootlessParser_Info.plist;
				LD_RUNPATH_SEARCH_PATHS = "$(TOOLCHAIN_DIR)/usr/lib/swift/macosx";
				OTHER_LDFLAGS = "$(inherited)";
				OTHER_SWIFT_FLAGS = "$(inherited)";
				PRODUCT_BUNDLE_IDENTIFIER = FootlessParser;
				PRODUCT_MODULE_NAME = "$(TARGET_NAME:c99extidentifier)";
				PRODUCT_NAME = "$(TARGET_NAME:c99extidentifier)";
				TARGET_NAME = FootlessParser;
			};
			name = Release;
		};
		OBJ_4 /* Release */ = {
			isa = XCBuildConfiguration;
			buildSettings = {
				COMBINE_HIDPI_IMAGES = YES;
				COPY_PHASE_STRIP = YES;
				DEBUG_INFORMATION_FORMAT = "dwarf-with-dsym";
				DYLIB_INSTALL_NAME_BASE = "@rpath";
				GCC_OPTIMIZATION_LEVEL = s;
				MACOSX_DEPLOYMENT_TARGET = 10.10;
				OTHER_SWIFT_FLAGS = "-DXcode";
				PRODUCT_NAME = "$(TARGET_NAME)";
				SDKROOT = macosx;
				SUPPORTED_PLATFORMS = "macosx iphoneos iphonesimulator appletvos appletvsimulator watchos watchsimulator";
				SWIFT_ACTIVE_COMPILATION_CONDITIONS = SWIFT_PACKAGE;
				SWIFT_OPTIMIZATION_LEVEL = "-O";
				SWIFT_VERSION = 3.0;
				USE_HEADERMAP = NO;
			};
			name = Release;
		};
		OBJ_45 /* Debug */ = {
			isa = XCBuildConfiguration;
			buildSettings = {
				EMBEDDED_CONTENT_CONTAINS_SWIFT = YES;
				FRAMEWORK_SEARCH_PATHS = (
					"$(inherited)",
					"$(PLATFORM_DIR)/Developer/Library/Frameworks",
				);
				HEADER_SEARCH_PATHS = "$(inherited)";
				INFOPLIST_FILE = FootlessParser.xcodeproj/FootlessParserTests_Info.plist;
				LD_RUNPATH_SEARCH_PATHS = "@loader_path/Frameworks @loader_path/../Frameworks";
				OTHER_LDFLAGS = "$(inherited)";
				OTHER_SWIFT_FLAGS = "$(inherited)";
				TARGET_NAME = FootlessParserTests;
			};
			name = Debug;
		};
		OBJ_46 /* Release */ = {
			isa = XCBuildConfiguration;
			buildSettings = {
				EMBEDDED_CONTENT_CONTAINS_SWIFT = YES;
				FRAMEWORK_SEARCH_PATHS = (
					"$(inherited)",
					"$(PLATFORM_DIR)/Developer/Library/Frameworks",
				);
				HEADER_SEARCH_PATHS = "$(inherited)";
				INFOPLIST_FILE = FootlessParser.xcodeproj/FootlessParserTests_Info.plist;
				LD_RUNPATH_SEARCH_PATHS = "@loader_path/Frameworks @loader_path/../Frameworks";
				OTHER_LDFLAGS = "$(inherited)";
				OTHER_SWIFT_FLAGS = "$(inherited)";
				TARGET_NAME = FootlessParserTests;
			};
			name = Release;
		};
/* End XCBuildConfiguration section */

/* Begin XCConfigurationList section */
		OBJ_2 /* Build configuration list for PBXProject "FootlessParser" */ = {
			isa = XCConfigurationList;
			buildConfigurations = (
				OBJ_3 /* Debug */,
				OBJ_4 /* Release */,
			);
			defaultConfigurationIsVisible = 0;
			defaultConfigurationName = Debug;
		};
		OBJ_31 /* Build configuration list for PBXNativeTarget "FootlessParser" */ = {
			isa = XCConfigurationList;
			buildConfigurations = (
				OBJ_32 /* Debug */,
				OBJ_33 /* Release */,
			);
			defaultConfigurationIsVisible = 0;
			defaultConfigurationName = Debug;
		};
		OBJ_44 /* Build configuration list for PBXNativeTarget "FootlessParserTests" */ = {
			isa = XCConfigurationList;
			buildConfigurations = (
				OBJ_45 /* Debug */,
				OBJ_46 /* Release */,
			);
			defaultConfigurationIsVisible = 0;
			defaultConfigurationName = Debug;
		};
/* End XCConfigurationList section */
	};
	rootObject = OBJ_1 /* Project object */;
}
